<?xml version="1.0" encoding="utf-8"?>
<Project ToolsVersion="4.0" xmlns="http://schemas.microsoft.com/developer/msbuild/2003">
  <ItemGroup>
    <Filter Include="소스 파일">
      <UniqueIdentifier>{4FC737F1-C7A5-4376-A066-2A32D752A2FF}</UniqueIdentifier>
      <Extensions>cpp;c;cc;cxx;c++;cppm;ixx;def;odl;idl;hpj;bat;asm;asmx</Extensions>
    </Filter>
    <Filter Include="헤더 파일">
      <UniqueIdentifier>{93995380-89BD-4b04-88EB-625FBE52EBFB}</UniqueIdentifier>
      <Extensions>h;hh;hpp;hxx;h++;hm;inl;inc;ipp;xsd</Extensions>
    </Filter>
    <Filter Include="리소스 파일">
      <UniqueIdentifier>{67DA6AB6-F800-4c08-8B7A-83BB121AAD01}</UniqueIdentifier>
      <Extensions>rc;ico;cur;bmp;dlg;rc2;rct;bin;rgs;gif;jpg;jpeg;jpe;resx;tiff;tif;png;wav;mfcribbon-ms</Extensions>
    </Filter>
    <Filter Include="ResourceManager">
      <UniqueIdentifier>{31128c44-7386-4638-a763-e1c73fd169d6}</UniqueIdentifier>
    </Filter>
    <Filter Include="Actor">
      <UniqueIdentifier>{57099371-81c4-4023-a29f-7060c3772529}</UniqueIdentifier>
    </Filter>
    <Filter Include="Component">
      <UniqueIdentifier>{758fb9ed-5993-48cd-b2b1-b59fa4d81559}</UniqueIdentifier>
    </Filter>
    <Filter Include="Component\TransformComponent">
      <UniqueIdentifier>{4bd8ac32-907c-4207-89d0-c561437cde65}</UniqueIdentifier>
    </Filter>
    <Filter Include="Component\RenderComponent">
      <UniqueIdentifier>{499ba313-bcf0-42d3-9126-b4ee33fd06a9}</UniqueIdentifier>
    </Filter>
    <Filter Include="Component\AnimationComponent">
      <UniqueIdentifier>{d014a750-a983-4a28-9d1f-add912888431}</UniqueIdentifier>
    </Filter>
  </ItemGroup>
  <ItemGroup>
    <ClInclude Include="framework.h">
      <Filter>헤더 파일</Filter>
    </ClInclude>
    <ClInclude Include="pch.h">
      <Filter>헤더 파일</Filter>
    </ClInclude>
    <ClInclude Include="Yngine.h">
      <Filter>헤더 파일</Filter>
    </ClInclude>
    <ClInclude Include="Helper.h">
      <Filter>헤더 파일</Filter>
    </ClInclude>
    <ClInclude Include="TimeSystem.h">
      <Filter>헤더 파일</Filter>
    </ClInclude>
    <ClInclude Include="Camera.h">
      <Filter>헤더 파일</Filter>
    </ClInclude>
    <ClInclude Include="ResourceManager.h">
      <Filter>ResourceManager</Filter>
    </ClInclude>
    <ClInclude Include="Actor.h">
      <Filter>Actor</Filter>
    </ClInclude>
    <ClInclude Include="Component.h">
      <Filter>Component</Filter>
    </ClInclude>
    <ClInclude Include="TransformComponent.h">
      <Filter>Component\TransformComponent</Filter>
    </ClInclude>
    <ClInclude Include="RenderComponent.h">
      <Filter>Component\RenderComponent</Filter>
    </ClInclude>
    <ClInclude Include="AnimationComponent.h">
      <Filter>Component\AnimationComponent</Filter>
    </ClInclude>
  </ItemGroup>
  <ItemGroup>
    <ClCompile Include="pch.cpp">
      <Filter>소스 파일</Filter>
    </ClCompile>
    <ClCompile Include="Yngine.cpp">
      <Filter>소스 파일</Filter>
    </ClCompile>
    <ClCompile Include="Helper.cpp">
      <Filter>소스 파일</Filter>
    </ClCompile>
    <ClCompile Include="TimeSystem.cpp">
      <Filter>소스 파일</Filter>
    </ClCompile>
    <ClCompile Include="Camera.cpp">
      <Filter>소스 파일</Filter>
    </ClCompile>
    <ClCompile Include="ResourceManager.cpp">
      <Filter>ResourceManager</Filter>
    </ClCompile>
    <ClCompile Include="Actor.cpp">
      <Filter>Actor</Filter>
    </ClCompile>
    <ClCompile Include="Component.cpp">
      <Filter>Component</Filter>
    </ClCompile>
    <ClCompile Include="TransformComponent.cpp">
      <Filter>Component\TransformComponent</Filter>
    </ClCompile>
    <ClCompile Include="RenderComponent.cpp">
      <Filter>Component\RenderComponent</Filter>
    </ClCompile>
    <ClCompile Include="AnimationComponent.cpp">
      <Filter>Component\AnimationComponent</Filter>
    </ClCompile>
  </ItemGroup>
</Project>